// !$*UTF8*$!
{
	archiveVersion = 1;
	classes = {
	};
	objectVersion = 50;
	objects = {

/* Begin PBXBuildFile section */
		D044A1D5260C799000412F17 /* AppDelegate.swift in Sources */ = {isa = PBXBuildFile; fileRef = D044A1D4260C799000412F17 /* AppDelegate.swift */; };
		D044A1D7260C799000412F17 /* SceneDelegate.swift in Sources */ = {isa = PBXBuildFile; fileRef = D044A1D6260C799000412F17 /* SceneDelegate.swift */; };
		D044A1D9260C799000412F17 /* ContentView.swift in Sources */ = {isa = PBXBuildFile; fileRef = D044A1D8260C799000412F17 /* ContentView.swift */; };
		D044A1DB260C799100412F17 /* Assets.xcassets in Resources */ = {isa = PBXBuildFile; fileRef = D044A1DA260C799100412F17 /* Assets.xcassets */; };
		D044A1DE260C799100412F17 /* Preview Assets.xcassets in Resources */ = {isa = PBXBuildFile; fileRef = D044A1DD260C799100412F17 /* Preview Assets.xcassets */; };
		D044A1E1260C799100412F17 /* LaunchScreen.storyboard in Resources */ = {isa = PBXBuildFile; fileRef = D044A1DF260C799100412F17 /* LaunchScreen.storyboard */; };
		D044A1EA260C79B600412F17 /* Emoji.swift in Sources */ = {isa = PBXBuildFile; fileRef = D044A1E9260C79B600412F17 /* Emoji.swift */; };
		D044A1ED260C81E500412F17 /* EmojiView.swift in Sources */ = {isa = PBXBuildFile; fileRef = D044A1EC260C81E500412F17 /* EmojiView.swift */; };
		D044A1F9260C864C00412F17 /* WidgetKit.framework in Frameworks */ = {isa = PBXBuildFile; fileRef = D044A1F8260C864C00412F17 /* WidgetKit.framework */; };
		D044A1FB260C864C00412F17 /* SwiftUI.framework in Frameworks */ = {isa = PBXBuildFile; fileRef = D044A1FA260C864C00412F17 /* SwiftUI.framework */; };
		D044A1FE260C864C00412F17 /* MyWidget.swift in Sources */ = {isa = PBXBuildFile; fileRef = D044A1FD260C864C00412F17 /* MyWidget.swift */; };
		D044A201260C864D00412F17 /* Assets.xcassets in Resources */ = {isa = PBXBuildFile; fileRef = D044A200260C864D00412F17 /* Assets.xcassets */; };
		D044A203260C864D00412F17 /* MyWidget.intentdefinition in Sources */ = {isa = PBXBuildFile; fileRef = D044A1FF260C864C00412F17 /* MyWidget.intentdefinition */; };
		D044A204260C864D00412F17 /* MyWidget.intentdefinition in Sources */ = {isa = PBXBuildFile; fileRef = D044A1FF260C864C00412F17 /* MyWidget.intentdefinition */; };
		D044A207260C864D00412F17 /* MyWidgetExtension.appex in Embed App Extensions */ = {isa = PBXBuildFile; fileRef = D044A1F6260C864C00412F17 /* MyWidgetExtension.appex */; settings = {ATTRIBUTES = (RemoveHeadersOnCopy, ); }; };
		D044A20E260C896500412F17 /* Emoji.swift in Sources */ = {isa = PBXBuildFile; fileRef = D044A1E9260C79B600412F17 /* Emoji.swift */; };
		D044A214260C8C0500412F17 /* EmojiView.swift in Sources */ = {isa = PBXBuildFile; fileRef = D044A1EC260C81E500412F17 /* EmojiView.swift */; };
/* End PBXBuildFile section */

/* Begin PBXContainerItemProxy section */
		D044A205260C864D00412F17 /* PBXContainerItemProxy */ = {
			isa = PBXContainerItemProxy;
			containerPortal = D044A1C9260C799000412F17 /* Project object */;
			proxyType = 1;
			remoteGlobalIDString = D044A1F5260C864C00412F17;
			remoteInfo = MyWidgetExtension;
		};
/* End PBXContainerItemProxy section */

/* Begin PBXCopyFilesBuildPhase section */
		D044A20B260C864D00412F17 /* Embed App Extensions */ = {
			isa = PBXCopyFilesBuildPhase;
			buildActionMask = 2147483647;
			dstPath = "";
			dstSubfolderSpec = 13;
			files = (
				D044A207260C864D00412F17 /* MyWidgetExtension.appex in Embed App Extensions */,
			);
			name = "Embed App Extensions";
			runOnlyForDeploymentPostprocessing = 0;
		};
/* End PBXCopyFilesBuildPhase section */

/* Begin PBXFileReference section */
		D044A1D1260C799000412F17 /* SwiftUIWidget.app */ = {isa = PBXFileReference; explicitFileType = wrapper.application; includeInIndex = 0; path = SwiftUIWidget.app; sourceTree = BUILT_PRODUCTS_DIR; };
		D044A1D4260C799000412F17 /* AppDelegate.swift */ = {isa = PBXFileReference; lastKnownFileType = sourcecode.swift; path = AppDelegate.swift; sourceTree = "<group>"; };
		D044A1D6260C799000412F17 /* SceneDelegate.swift */ = {isa = PBXFileReference; lastKnownFileType = sourcecode.swift; path = SceneDelegate.swift; sourceTree = "<group>"; };
		D044A1D8260C799000412F17 /* ContentView.swift */ = {isa = PBXFileReference; lastKnownFileType = sourcecode.swift; path = ContentView.swift; sourceTree = "<group>"; };
		D044A1DA260C799100412F17 /* Assets.xcassets */ = {isa = PBXFileReference; lastKnownFileType = folder.assetcatalog; path = Assets.xcassets; sourceTree = "<group>"; };
		D044A1DD260C799100412F17 /* Preview Assets.xcassets */ = {isa = PBXFileReference; lastKnownFileType = folder.assetcatalog; path = "Preview Assets.xcassets"; sourceTree = "<group>"; };
		D044A1E0260C799100412F17 /* Base */ = {isa = PBXFileReference; lastKnownFileType = file.storyboard; name = Base; path = Base.lproj/LaunchScreen.storyboard; sourceTree = "<group>"; };
		D044A1E2260C799100412F17 /* Info.plist */ = {isa = PBXFileReference; lastKnownFileType = text.plist.xml; path = Info.plist; sourceTree = "<group>"; };
		D044A1E9260C79B600412F17 /* Emoji.swift */ = {isa = PBXFileReference; lastKnownFileType = sourcecode.swift; path = Emoji.swift; sourceTree = "<group>"; };
		D044A1EC260C81E500412F17 /* EmojiView.swift */ = {isa = PBXFileReference; lastKnownFileType = sourcecode.swift; path = EmojiView.swift; sourceTree = "<group>"; };
		D044A1EF260C836800412F17 /* SwiftUIWidget.entitlements */ = {isa = PBXFileReference; lastKnownFileType = text.plist.entitlements; path = SwiftUIWidget.entitlements; sourceTree = "<group>"; };
		D044A1F6260C864C00412F17 /* MyWidgetExtension.appex */ = {isa = PBXFileReference; explicitFileType = "wrapper.app-extension"; includeInIndex = 0; path = MyWidgetExtension.appex; sourceTree = BUILT_PRODUCTS_DIR; };
		D044A1F8260C864C00412F17 /* WidgetKit.framework */ = {isa = PBXFileReference; lastKnownFileType = wrapper.framework; name = WidgetKit.framework; path = System/Library/Frameworks/WidgetKit.framework; sourceTree = SDKROOT; };
		D044A1FA260C864C00412F17 /* SwiftUI.framework */ = {isa = PBXFileReference; lastKnownFileType = wrapper.framework; name = SwiftUI.framework; path = System/Library/Frameworks/SwiftUI.framework; sourceTree = SDKROOT; };
		D044A1FD260C864C00412F17 /* MyWidget.swift */ = {isa = PBXFileReference; lastKnownFileType = sourcecode.swift; path = MyWidget.swift; sourceTree = "<group>"; };
		D044A1FF260C864C00412F17 /* MyWidget.intentdefinition */ = {isa = PBXFileReference; lastKnownFileType = file.intentdefinition; path = MyWidget.intentdefinition; sourceTree = "<group>"; };
		D044A200260C864D00412F17 /* Assets.xcassets */ = {isa = PBXFileReference; lastKnownFileType = folder.assetcatalog; path = Assets.xcassets; sourceTree = "<group>"; };
		D044A202260C864D00412F17 /* Info.plist */ = {isa = PBXFileReference; lastKnownFileType = text.plist.xml; path = Info.plist; sourceTree = "<group>"; };
		D044A211260C8A0400412F17 /* MyWidgetExtension.entitlements */ = {isa = PBXFileReference; lastKnownFileType = text.plist.entitlements; path = MyWidgetExtension.entitlements; sourceTree = "<group>"; };
/* End PBXFileReference section */

/* Begin PBXFrameworksBuildPhase section */
		D044A1CE260C799000412F17 /* Frameworks */ = {
			isa = PBXFrameworksBuildPhase;
			buildActionMask = 2147483647;
			files = (
			);
			runOnlyForDeploymentPostprocessing = 0;
		};
		D044A1F3260C864C00412F17 /* Frameworks */ = {
			isa = PBXFrameworksBuildPhase;
			buildActionMask = 2147483647;
			files = (
				D044A1FB260C864C00412F17 /* SwiftUI.framework in Frameworks */,
				D044A1F9260C864C00412F17 /* WidgetKit.framework in Frameworks */,
			);
			runOnlyForDeploymentPostprocessing = 0;
		};
/* End PBXFrameworksBuildPhase section */

/* Begin PBXGroup section */
		D044A1C8260C799000412F17 = {
			isa = PBXGroup;
			children = (
				D044A211260C8A0400412F17 /* MyWidgetExtension.entitlements */,
				D044A1D3260C799000412F17 /* SwiftUIWidget */,
				D044A1FC260C864C00412F17 /* MyWidget */,
				D044A1F7260C864C00412F17 /* Frameworks */,
				D044A1D2260C799000412F17 /* Products */,
			);
			sourceTree = "<group>";
		};
		D044A1D2260C799000412F17 /* Products */ = {
			isa = PBXGroup;
			children = (
				D044A1D1260C799000412F17 /* SwiftUIWidget.app */,
				D044A1F6260C864C00412F17 /* MyWidgetExtension.appex */,
			);
			name = Products;
			sourceTree = "<group>";
		};
		D044A1D3260C799000412F17 /* SwiftUIWidget */ = {
			isa = PBXGroup;
			children = (
				D044A1EF260C836800412F17 /* SwiftUIWidget.entitlements */,
				D044A1D4260C799000412F17 /* AppDelegate.swift */,
				D044A1D6260C799000412F17 /* SceneDelegate.swift */,
				D044A1D8260C799000412F17 /* ContentView.swift */,
				D044A1DA260C799100412F17 /* Assets.xcassets */,
				D044A1DF260C799100412F17 /* LaunchScreen.storyboard */,
				D044A1E2260C799100412F17 /* Info.plist */,
				D044A1DC260C799100412F17 /* Preview Content */,
				D044A1E9260C79B600412F17 /* Emoji.swift */,
				D044A1EC260C81E500412F17 /* EmojiView.swift */,
			);
			path = SwiftUIWidget;
			sourceTree = "<group>";
		};
		D044A1DC260C799100412F17 /* Preview Content */ = {
			isa = PBXGroup;
			children = (
				D044A1DD260C799100412F17 /* Preview Assets.xcassets */,
			);
			path = "Preview Content";
			sourceTree = "<group>";
		};
		D044A1F7260C864C00412F17 /* Frameworks */ = {
			isa = PBXGroup;
			children = (
				D044A1F8260C864C00412F17 /* WidgetKit.framework */,
				D044A1FA260C864C00412F17 /* SwiftUI.framework */,
			);
			name = Frameworks;
			sourceTree = "<group>";
		};
		D044A1FC260C864C00412F17 /* MyWidget */ = {
			isa = PBXGroup;
			children = (
				D044A1FD260C864C00412F17 /* MyWidget.swift */,
				D044A1FF260C864C00412F17 /* MyWidget.intentdefinition */,
				D044A200260C864D00412F17 /* Assets.xcassets */,
				D044A202260C864D00412F17 /* Info.plist */,
			);
			path = MyWidget;
			sourceTree = "<group>";
		};
/* End PBXGroup section */

/* Begin PBXNativeTarget section */
		D044A1D0260C799000412F17 /* SwiftUIWidget */ = {
			isa = PBXNativeTarget;
			buildConfigurationList = D044A1E5260C799100412F17 /* Build configuration list for PBXNativeTarget "SwiftUIWidget" */;
			buildPhases = (
				D044A1CD260C799000412F17 /* Sources */,
				D044A1CE260C799000412F17 /* Frameworks */,
				D044A1CF260C799000412F17 /* Resources */,
				D044A20B260C864D00412F17 /* Embed App Extensions */,
			);
			buildRules = (
			);
			dependencies = (
				D044A206260C864D00412F17 /* PBXTargetDependency */,
			);
			name = SwiftUIWidget;
			productName = SwiftUIWidget;
			productReference = D044A1D1260C799000412F17 /* SwiftUIWidget.app */;
			productType = "com.apple.product-type.application";
		};
		D044A1F5260C864C00412F17 /* MyWidgetExtension */ = {
			isa = PBXNativeTarget;
			buildConfigurationList = D044A208260C864D00412F17 /* Build configuration list for PBXNativeTarget "MyWidgetExtension" */;
			buildPhases = (
				D044A1F2260C864C00412F17 /* Sources */,
				D044A1F3260C864C00412F17 /* Frameworks */,
				D044A1F4260C864C00412F17 /* Resources */,
			);
			buildRules = (
			);
			dependencies = (
			);
			name = MyWidgetExtension;
			productName = MyWidgetExtension;
			productReference = D044A1F6260C864C00412F17 /* MyWidgetExtension.appex */;
			productType = "com.apple.product-type.app-extension";
		};
/* End PBXNativeTarget section */

/* Begin PBXProject section */
		D044A1C9260C799000412F17 /* Project object */ = {
			isa = PBXProject;
			attributes = {
				LastSwiftUpdateCheck = 1240;
				LastUpgradeCheck = 1240;
				TargetAttributes = {
					D044A1D0260C799000412F17 = {
						CreatedOnToolsVersion = 12.4;
					};
					D044A1F5260C864C00412F17 = {
						CreatedOnToolsVersion = 12.4;
					};
				};
			};
			buildConfigurationList = D044A1CC260C799000412F17 /* Build configuration list for PBXProject "SwiftUIWidget" */;
			compatibilityVersion = "Xcode 9.3";
			developmentRegion = en;
			hasScannedForEncodings = 0;
			knownRegions = (
				en,
				Base,
			);
			mainGroup = D044A1C8260C799000412F17;
			productRefGroup = D044A1D2260C799000412F17 /* Products */;
			projectDirPath = "";
			projectRoot = "";
			targets = (
				D044A1D0260C799000412F17 /* SwiftUIWidget */,
				D044A1F5260C864C00412F17 /* MyWidgetExtension */,
			);
		};
/* End PBXProject section */

/* Begin PBXResourcesBuildPhase section */
		D044A1CF260C799000412F17 /* Resources */ = {
			isa = PBXResourcesBuildPhase;
			buildActionMask = 2147483647;
			files = (
				D044A1E1260C799100412F17 /* LaunchScreen.storyboard in Resources */,
				D044A1DE260C799100412F17 /* Preview Assets.xcassets in Resources */,
				D044A1DB260C799100412F17 /* Assets.xcassets in Resources */,
			);
			runOnlyForDeploymentPostprocessing = 0;
		};
		D044A1F4260C864C00412F17 /* Resources */ = {
			isa = PBXResourcesBuildPhase;
			buildActionMask = 2147483647;
			files = (
				D044A201260C864D00412F17 /* Assets.xcassets in Resources */,
			);
			runOnlyForDeploymentPostprocessing = 0;
		};
/* End PBXResourcesBuildPhase section */

/* Begin PBXSourcesBuildPhase section */
		D044A1CD260C799000412F17 /* Sources */ = {
			isa = PBXSourcesBuildPhase;
			buildActionMask = 2147483647;
			files = (
				D044A204260C864D00412F17 /* MyWidget.intentdefinition in Sources */,
				D044A1D5260C799000412F17 /* AppDelegate.swift in Sources */,
				D044A1D7260C799000412F17 /* SceneDelegate.swift in Sources */,
				D044A1EA260C79B600412F17 /* Emoji.swift in Sources */,
				D044A1D9260C799000412F17 /* ContentView.swift in Sources */,
				D044A1ED260C81E500412F17 /* EmojiView.swift in Sources */,
			);
			runOnlyForDeploymentPostprocessing = 0;
		};
		D044A1F2260C864C00412F17 /* Sources */ = {
			isa = PBXSourcesBuildPhase;
			buildActionMask = 2147483647;
			files = (
				D044A20E260C896500412F17 /* Emoji.swift in Sources */,
				D044A214260C8C0500412F17 /* EmojiView.swift in Sources */,
				D044A203260C864D00412F17 /* MyWidget.intentdefinition in Sources */,
				D044A1FE260C864C00412F17 /* MyWidget.swift in Sources */,
			);
			runOnlyForDeploymentPostprocessing = 0;
		};
/* End PBXSourcesBuildPhase section */

/* Begin PBXTargetDependency section */
		D044A206260C864D00412F17 /* PBXTargetDependency */ = {
			isa = PBXTargetDependency;
			target = D044A1F5260C864C00412F17 /* MyWidgetExtension */;
			targetProxy = D044A205260C864D00412F17 /* PBXContainerItemProxy */;
		};
/* End PBXTargetDependency section */

/* Begin PBXVariantGroup section */
		D044A1DF260C799100412F17 /* LaunchScreen.storyboard */ = {
			isa = PBXVariantGroup;
			children = (
				D044A1E0260C799100412F17 /* Base */,
			);
			name = LaunchScreen.storyboard;
			sourceTree = "<group>";
		};
/* End PBXVariantGroup section */

/* Begin XCBuildConfiguration section */
		D044A1E3260C799100412F17 /* Debug */ = {
			isa = XCBuildConfiguration;
			buildSettings = {
				ALWAYS_SEARCH_USER_PATHS = NO;
				CLANG_ANALYZER_NONNULL = YES;
				CLANG_ANALYZER_NUMBER_OBJECT_CONVERSION = YES_AGGRESSIVE;
				CLANG_CXX_LANGUAGE_STANDARD = "gnu++14";
				CLANG_CXX_LIBRARY = "libc++";
				CLANG_ENABLE_MODULES = YES;
				CLANG_ENABLE_OBJC_ARC = YES;
				CLANG_ENABLE_OBJC_WEAK = YES;
				CLANG_WARN_BLOCK_CAPTURE_AUTORELEASING = YES;
				CLANG_WARN_BOOL_CONVERSION = YES;
				CLANG_WARN_COMMA = YES;
				CLANG_WARN_CONSTANT_CONVERSION = YES;
				CLANG_WARN_DEPRECATED_OBJC_IMPLEMENTATIONS = YES;
				CLANG_WARN_DIRECT_OBJC_ISA_USAGE = YES_ERROR;
				CLANG_WARN_DOCUMENTATION_COMMENTS = YES;
				CLANG_WARN_EMPTY_BODY = YES;
				CLANG_WARN_ENUM_CONVERSION = YES;
				CLANG_WARN_INFINITE_RECURSION = YES;
				CLANG_WARN_INT_CONVERSION = YES;
				CLANG_WARN_NON_LITERAL_NULL_CONVERSION = YES;
				CLANG_WARN_OBJC_IMPLICIT_RETAIN_SELF = YES;
				CLANG_WARN_OBJC_LITERAL_CONVERSION = YES;
				CLANG_WARN_OBJC_ROOT_CLASS = YES_ERROR;
				CLANG_WARN_QUOTED_INCLUDE_IN_FRAMEWORK_HEADER = YES;
				CLANG_WARN_RANGE_LOOP_ANALYSIS = YES;
				CLANG_WARN_STRICT_PROTOTYPES = YES;
				CLANG_WARN_SUSPICIOUS_MOVE = YES;
				CLANG_WARN_UNGUARDED_AVAILABILITY = YES_AGGRESSIVE;
				CLANG_WARN_UNREACHABLE_CODE = YES;
				CLANG_WARN__DUPLICATE_METHOD_MATCH = YES;
				COPY_PHASE_STRIP = NO;
				DEBUG_INFORMATION_FORMAT = dwarf;
				ENABLE_STRICT_OBJC_MSGSEND = YES;
				ENABLE_TESTABILITY = YES;
				GCC_C_LANGUAGE_STANDARD = gnu11;
				GCC_DYNAMIC_NO_PIC = NO;
				GCC_NO_COMMON_BLOCKS = YES;
				GCC_OPTIMIZATION_LEVEL = 0;
				GCC_PREPROCESSOR_DEFINITIONS = (
					"DEBUG=1",
					"$(inherited)",
				);
				GCC_WARN_64_TO_32_BIT_CONVERSION = YES;
				GCC_WARN_ABOUT_RETURN_TYPE = YES_ERROR;
				GCC_WARN_UNDECLARED_SELECTOR = YES;
				GCC_WARN_UNINITIALIZED_AUTOS = YES_AGGRESSIVE;
				GCC_WARN_UNUSED_FUNCTION = YES;
				GCC_WARN_UNUSED_VARIABLE = YES;
				IPHONEOS_DEPLOYMENT_TARGET = 14.4;
				MTL_ENABLE_DEBUG_INFO = INCLUDE_SOURCE;
				MTL_FAST_MATH = YES;
				ONLY_ACTIVE_ARCH = YES;
				SDKROOT = iphoneos;
				SWIFT_ACTIVE_COMPILATION_CONDITIONS = DEBUG;
				SWIFT_OPTIMIZATION_LEVEL = "-Onone";
			};
			name = Debug;
		};
		D044A1E4260C799100412F17 /* Release */ = {
			isa = XCBuildConfiguration;
			buildSettings = {
				ALWAYS_SEARCH_USER_PATHS = NO;
				CLANG_ANALYZER_NONNULL = YES;
				CLANG_ANALYZER_NUMBER_OBJECT_CONVERSION = YES_AGGRESSIVE;
				CLANG_CXX_LANGUAGE_STANDARD = "gnu++14";
				CLANG_CXX_LIBRARY = "libc++";
				CLANG_ENABLE_MODULES = YES;
				CLANG_ENABLE_OBJC_ARC = YES;
				CLANG_ENABLE_OBJC_WEAK = YES;
				CLANG_WARN_BLOCK_CAPTURE_AUTORELEASING = YES;
				CLANG_WARN_BOOL_CONVERSION = YES;
				CLANG_WARN_COMMA = YES;
				CLANG_WARN_CONSTANT_CONVERSION = YES;
				CLANG_WARN_DEPRECATED_OBJC_IMPLEMENTATIONS = YES;
				CLANG_WARN_DIRECT_OBJC_ISA_USAGE = YES_ERROR;
				CLANG_WARN_DOCUMENTATION_COMMENTS = YES;
				CLANG_WARN_EMPTY_BODY = YES;
				CLANG_WARN_ENUM_CONVERSION = YES;
				CLANG_WARN_INFINITE_RECURSION = YES;
				CLANG_WARN_INT_CONVERSION = YES;
				CLANG_WARN_NON_LITERAL_NULL_CONVERSION = YES;
				CLANG_WARN_OBJC_IMPLICIT_RETAIN_SELF = YES;
				CLANG_WARN_OBJC_LITERAL_CONVERSION = YES;
				CLANG_WARN_OBJC_ROOT_CLASS = YES_ERROR;
				CLANG_WARN_QUOTED_INCLUDE_IN_FRAMEWORK_HEADER = YES;
				CLANG_WARN_RANGE_LOOP_ANALYSIS = YES;
				CLANG_WARN_STRICT_PROTOTYPES = YES;
				CLANG_WARN_SUSPICIOUS_MOVE = YES;
				CLANG_WARN_UNGUARDED_AVAILABILITY = YES_AGGRESSIVE;
				CLANG_WARN_UNREACHABLE_CODE = YES;
				CLANG_WARN__DUPLICATE_METHOD_MATCH = YES;
				COPY_PHASE_STRIP = NO;
				DEBUG_INFORMATION_FORMAT = "dwarf-with-dsym";
				ENABLE_NS_ASSERTIONS = NO;
				ENABLE_STRICT_OBJC_MSGSEND = YES;
				GCC_C_LANGUAGE_STANDARD = gnu11;
				GCC_NO_COMMON_BLOCKS = YES;
				GCC_WARN_64_TO_32_BIT_CONVERSION = YES;
				GCC_WARN_ABOUT_RETURN_TYPE = YES_ERROR;
				GCC_WARN_UNDECLARED_SELECTOR = YES;
				GCC_WARN_UNINITIALIZED_AUTOS = YES_AGGRESSIVE;
				GCC_WARN_UNUSED_FUNCTION = YES;
				GCC_WARN_UNUSED_VARIABLE = YES;
				IPHONEOS_DEPLOYMENT_TARGET = 14.4;
				MTL_ENABLE_DEBUG_INFO = NO;
				MTL_FAST_MATH = YES;
				SDKROOT = iphoneos;
				SWIFT_COMPILATION_MODE = wholemodule;
				SWIFT_OPTIMIZATION_LEVEL = "-O";
				VALIDATE_PRODUCT = YES;
			};
			name = Release;
		};
		D044A1E6260C799100412F17 /* Debug */ = {
			isa = XCBuildConfiguration;
			buildSettings = {
				ALWAYS_EMBED_SWIFT_STANDARD_LIBRARIES = YES;
				ASSETCATALOG_COMPILER_APPICON_NAME = AppIcon;
				ASSETCATALOG_COMPILER_GLOBAL_ACCENT_COLOR_NAME = AccentColor;
				CODE_SIGN_ENTITLEMENTS = SwiftUIWidget/SwiftUIWidget.entitlements;
				CODE_SIGN_STYLE = Automatic;
				DEVELOPMENT_ASSET_PATHS = "\"SwiftUIWidget/Preview Content\"";
				DEVELOPMENT_TEAM = U5NGQCJT39;
				ENABLE_PREVIEWS = YES;
				INFOPLIST_FILE = SwiftUIWidget/Info.plist;
				LD_RUNPATH_SEARCH_PATHS = (
					"$(inherited)",
					"@executable_path/Frameworks",
				);
				PRODUCT_BUNDLE_IDENTIFIER = com.jhpark.SwiftUIWidget;
				PRODUCT_NAME = "$(TARGET_NAME)";
				SWIFT_VERSION = 5.0;
				TARGETED_DEVICE_FAMILY = "1,2";
			};
			name = Debug;
		};
		D044A1E7260C799100412F17 /* Release */ = {
			isa = XCBuildConfiguration;
			buildSettings = {
				ALWAYS_EMBED_SWIFT_STANDARD_LIBRARIES = YES;
				ASSETCATALOG_COMPILER_APPICON_NAME = AppIcon;
				ASSETCATALOG_COMPILER_GLOBAL_ACCENT_COLOR_NAME = AccentColor;
				CODE_SIGN_ENTITLEMENTS = SwiftUIWidget/SwiftUIWidget.entitlements;
				CODE_SIGN_STYLE = Automatic;
				DEVELOPMENT_ASSET_PATHS = "\"SwiftUIWidget/Preview Content\"";
				DEVELOPMENT_TEAM = U5NGQCJT39;
				ENABLE_PREVIEWS = YES;
				INFOPLIST_FILE = SwiftUIWidget/Info.plist;
				LD_RUNPATH_SEARCH_PATHS = (
					"$(inherited)",
					"@executable_path/Frameworks",
				);
				PRODUCT_BUNDLE_IDENTIFIER = com.jhpark.SwiftUIWidget;
				PRODUCT_NAME = "$(TARGET_NAME)";
				SWIFT_VERSION = 5.0;
				TARGETED_DEVICE_FAMILY = "1,2";
			};
			name = Release;
		};
		D044A209260C864D00412F17 /* Debug */ = {
			isa = XCBuildConfiguration;
			buildSettings = {
				ASSETCATALOG_COMPILER_GLOBAL_ACCENT_COLOR_NAME = AccentColor;
				ASSETCATALOG_COMPILER_WIDGET_BACKGROUND_COLOR_NAME = WidgetBackground;
				CODE_SIGN_ENTITLEMENTS = MyWidgetExtension.entitlements;
				CODE_SIGN_STYLE = Automatic;
				DEVELOPMENT_TEAM = U5NGQCJT39;
				INFOPLIST_FILE = MyWidget/Info.plist;
				LD_RUNPATH_SEARCH_PATHS = (
					"$(inherited)",
					"@executable_path/Frameworks",
					"@executable_path/../../Frameworks",
				);
				PRODUCT_BUNDLE_IDENTIFIER = com.jhpark.SwiftUIWidget.MyWidget;
				PRODUCT_NAME = "$(TARGET_NAME)";
				SKIP_INSTALL = YES;
				SWIFT_VERSION = 5.0;
				TARGETED_DEVICE_FAMILY = "1,2";
			};
			name = Debug;
		};
		D044A20A260C864D00412F17 /* Release */ = {
			isa = XCBuildConfiguration;
			buildSettings = {
				ASSETCATALOG_COMPILER_GLOBAL_ACCENT_COLOR_NAME = AccentColor;
				ASSETCATALOG_COMPILER_WIDGET_BACKGROUND_COLOR_NAME = WidgetBackground;
				CODE_SIGN_ENTITLEMENTS = MyWidgetExtension.entitlements;
				CODE_SIGN_STYLE = Automatic;
				DEVELOPMENT_TEAM = U5NGQCJT39;
				INFOPLIST_FILE = MyWidget/Info.plist;
				LD_RUNPATH_SEARCH_PATHS = (
					"$(inherited)",
					"@executable_path/Frameworks",
					"@executable_path/../../Frameworks",
				);
				PRODUCT_BUNDLE_IDENTIFIER = com.jhpark.SwiftUIWidget.MyWidget;
				PRODUCT_NAME = "$(TARGET_NAME)";
				SKIP_INSTALL = YES;
				SWIFT_VERSION = 5.0;
				TARGETED_DEVICE_FAMILY = "1,2";
			};
			name = Release;
		};
/* End XCBuildConfiguration section */

/* Begin XCConfigurationList section */
		D044A1CC260C799000412F17 /* Build configuration list for PBXProject "SwiftUIWidget" */ = {
			isa = XCConfigurationList;
			buildConfigurations = (
				D044A1E3260C799100412F17 /* Debug */,
				D044A1E4260C799100412F17 /* Release */,
			);
			defaultConfigurationIsVisible = 0;
			defaultConfigurationName = Release;
		};
		D044A1E5260C799100412F17 /* Build configuration list for PBXNativeTarget "SwiftUIWidget" */ = {
			isa = XCConfigurationList;
			buildConfigurations = (
				D044A1E6260C799100412F17 /* Debug */,
				D044A1E7260C799100412F17 /* Release */,
			);
			defaultConfigurationIsVisible = 0;
			defaultConfigurationName = Release;
		};
		D044A208260C864D00412F17 /* Build configuration list for PBXNativeTarget "MyWidgetExtension" */ = {
			isa = XCConfigurationList;
			buildConfigurations = (
				D044A209260C864D00412F17 /* Debug */,
				D044A20A260C864D00412F17 /* Release */,
			);
			defaultConfigurationIsVisible = 0;
			defaultConfigurationName = Release;
		};
/* End XCConfigurationList section */
	};
	rootObject = D044A1C9260C799000412F17 /* Project object */;
}
